
Microsoft Visual Studio Solution File, Format Version 12.00
# Visual Studio 15
VisualStudioVersion = 15.0.26206.0
MinimumVisualStudioVersion = 10.0.40219.1
Project("{FAE04EC0-301F-11D3-BF4B-00C04F79EFBC}") = "WordAddIn1", "WordAddIn1\WordAddIn1.csproj", "{F474D7E2-3A0A-4098-8AF7-6E0454E22398}"
EndProject
Project("{FAE04EC0-301F-11D3-BF4B-00C04F79EFBC}") = "Utility", "Utility\Utility.csproj", "{9B96BEFA-3407-4B75-AB33-DFC366FBC3C5}"
EndProject
Global
	GlobalSection(SolutionConfigurationPlatforms) = preSolution
		Debug|Any CPU = Debug|Any CPU
		Release|Any CPU = Release|Any CPU
	EndGlobalSection
	GlobalSection(ProjectConfigurationPlatforms) = postSolution
		{F474D7E2-3A0A-4098-8AF7-6E0454E22398}.Debug|Any CPU.ActiveCfg = Debug|Any CPU
		{F474D7E2-3A0A-4098-8AF7-6E0454E22398}.Debug|Any CPU.Build.0 = Debug|Any CPU
		{F474D7E2-3A0A-4098-8AF7-6E0454E22398}.Release|Any CPU.ActiveCfg = Release|Any CPU
		{F474D7E2-3A0A-4098-8AF7-6E0454E22398}.Release|Any CPU.Build.0 = Release|Any CPU
		{9B96BEFA-3407-4B75-AB33-DFC366FBC3C5}.Debug|Any CPU.ActiveCfg = Debug|Any CPU
		{9B96BEFA-3407-4B75-AB33-DFC366FBC3C5}.Debug|Any CPU.Build.0 = Debug|Any CPU
		{9B96BEFA-3407-4B75-AB33-DFC366FBC3C5}.Release|Any CPU.ActiveCfg = Release|Any CPU
		{9B96BEFA-3407-4B75-AB33-DFC366FBC3C5}.Release|Any CPU.Build.0 = Release|Any CPU
	EndGlobalSection
	GlobalSection(SolutionProperties) = preSolution
		HideSolutionNode = FALSE
	EndGlobalSection
EndGlobal
